
Microsoft Visual Studio Solution File, Format Version 12.00
# Visual Studio Version 17
VisualStudioVersion = 17.0.31903.59
MinimumVisualStudioVersion = 10.0.40219.1
Project("{FAE04EC0-301F-11D3-BF4B-00C04F79EFBC}") = "API", "API\API.csproj", "{EE368EFD-8F99-4577-ADD8-3E4863C99419}"
EndProject
Project("{FAE04EC0-301F-11D3-BF4B-00C04F79EFBC}") = "Application", "Application\Application.csproj", "{C78CE89A-9E8A-45BC-B4E4-551105873018}"
EndProject
Project("{FAE04EC0-301F-11D3-BF4B-00C04F79EFBC}") = "Domain", "Domain\Domain.csproj", "{D68B8A84-420A-4589-ADD2-38925E825069}"
EndProject
Project("{FAE04EC0-301F-11D3-BF4B-00C04F79EFBC}") = "Persistence", "Persistence\Persistence.csproj", "{3BE61916-4756-41E0-8767-50D2FA057E9A}"
EndProject
Global
	GlobalSection(SolutionConfigurationPlatforms) = preSolution
		Debug|Any CPU = Debug|Any CPU
		Release|Any CPU = Release|Any CPU
	EndGlobalSection
	GlobalSection(SolutionProperties) = preSolution
		HideSolutionNode = FALSE
	EndGlobalSection
	GlobalSection(ProjectConfigurationPlatforms) = postSolution
		{EE368EFD-8F99-4577-ADD8-3E4863C99419}.Debug|Any CPU.ActiveCfg = Debug|Any CPU
		{EE368EFD-8F99-4577-ADD8-3E4863C99419}.Debug|Any CPU.Build.0 = Debug|Any CPU
		{EE368EFD-8F99-4577-ADD8-3E4863C99419}.Release|Any CPU.ActiveCfg = Release|Any CPU
		{EE368EFD-8F99-4577-ADD8-3E4863C99419}.Release|Any CPU.Build.0 = Release|Any CPU
		{C78CE89A-9E8A-45BC-B4E4-551105873018}.Debug|Any CPU.ActiveCfg = Debug|Any CPU
		{C78CE89A-9E8A-45BC-B4E4-551105873018}.Debug|Any CPU.Build.0 = Debug|Any CPU
		{C78CE89A-9E8A-45BC-B4E4-551105873018}.Release|Any CPU.ActiveCfg = Release|Any CPU
		{C78CE89A-9E8A-45BC-B4E4-551105873018}.Release|Any CPU.Build.0 = Release|Any CPU
		{D68B8A84-420A-4589-ADD2-38925E825069}.Debug|Any CPU.ActiveCfg = Debug|Any CPU
		{D68B8A84-420A-4589-ADD2-38925E825069}.Debug|Any CPU.Build.0 = Debug|Any CPU
		{D68B8A84-420A-4589-ADD2-38925E825069}.Release|Any CPU.ActiveCfg = Release|Any CPU
		{D68B8A84-420A-4589-ADD2-38925E825069}.Release|Any CPU.Build.0 = Release|Any CPU
		{3BE61916-4756-41E0-8767-50D2FA057E9A}.Debug|Any CPU.ActiveCfg = Debug|Any CPU
		{3BE61916-4756-41E0-8767-50D2FA057E9A}.Debug|Any CPU.Build.0 = Debug|Any CPU
		{3BE61916-4756-41E0-8767-50D2FA057E9A}.Release|Any CPU.ActiveCfg = Release|Any CPU
		{3BE61916-4756-41E0-8767-50D2FA057E9A}.Release|Any CPU.Build.0 = Release|Any CPU
	EndGlobalSection
EndGlobal
